
Microsoft Visual Studio Solution File, Format Version 12.00
# Visual Studio 2013
VisualStudioVersion = 12.0.40629.0
MinimumVisualStudioVersion = 10.0.40219.1
Project("{2150E333-8FDC-42A3-9474-1A3956D46DE8}") = "exe", "exe", "{F87C7EF3-0D4A-4344-8487-64BFD34F814C}"
EndProject
Project("{2150E333-8FDC-42A3-9474-1A3956D46DE8}") = "driver", "driver", "{EE00F092-BD1A-492F-87D1-3EEB6322E1EB}"
EndProject
Project("{8BC9CEB8-8B4A-11D0-8D11-00A0C91BC942}") = "FileControl", "driver\FileControl.vcxproj", "{066687D0-0D9F-4C6B-89DA-D929A0D87A09}"
EndProject
Project("{FAE04EC0-301F-11D3-BF4B-00C04F79EFBC}") = "fcapi-wpf", "exe\fcapi-wpf\fcapi-wpf.csproj", "{D6D2EBDC-BD4D-4351-81B8-AD70238894DE}"
EndProject
Project("{2150E333-8FDC-42A3-9474-1A3956D46DE8}") = "install", "install", "{21CB7504-F0C6-4C51-9B24-3260E61B9628}"
	ProjectSection(SolutionItems) = preProject
		install\fc.nsi = install\fc.nsi
	EndProjectSection
EndProject
Project("{FAE04EC0-301F-11D3-BF4B-00C04F79EFBC}") = "install", "install\install.csproj", "{3CD7E40C-4567-4979-A2F9-C59B16619587}"
EndProject
Global
	GlobalSection(SolutionConfigurationPlatforms) = preSolution
		Win7 Debug|Any CPU = Win7 Debug|Any CPU
		Win7 Debug|Mixed Platforms = Win7 Debug|Mixed Platforms
		Win7 Debug|Win32 = Win7 Debug|Win32
		Win7 Debug|x64 = Win7 Debug|x64
		Win7 Debug|x86 = Win7 Debug|x86
		Win7 Release|Any CPU = Win7 Release|Any CPU
		Win7 Release|Mixed Platforms = Win7 Release|Mixed Platforms
		Win7 Release|Win32 = Win7 Release|Win32
		Win7 Release|x64 = Win7 Release|x64
		Win7 Release|x86 = Win7 Release|x86
		Win8 Debug|Any CPU = Win8 Debug|Any CPU
		Win8 Debug|Mixed Platforms = Win8 Debug|Mixed Platforms
		Win8 Debug|Win32 = Win8 Debug|Win32
		Win8 Debug|x64 = Win8 Debug|x64
		Win8 Debug|x86 = Win8 Debug|x86
		Win8 Release|Any CPU = Win8 Release|Any CPU
		Win8 Release|Mixed Platforms = Win8 Release|Mixed Platforms
		Win8 Release|Win32 = Win8 Release|Win32
		Win8 Release|x64 = Win8 Release|x64
		Win8 Release|x86 = Win8 Release|x86
		Win8.1 Debug|Any CPU = Win8.1 Debug|Any CPU
		Win8.1 Debug|Mixed Platforms = Win8.1 Debug|Mixed Platforms
		Win8.1 Debug|Win32 = Win8.1 Debug|Win32
		Win8.1 Debug|x64 = Win8.1 Debug|x64
		Win8.1 Debug|x86 = Win8.1 Debug|x86
		Win8.1 Release|Any CPU = Win8.1 Release|Any CPU
		Win8.1 Release|Mixed Platforms = Win8.1 Release|Mixed Platforms
		Win8.1 Release|Win32 = Win8.1 Release|Win32
		Win8.1 Release|x64 = Win8.1 Release|x64
		Win8.1 Release|x86 = Win8.1 Release|x86
	EndGlobalSection
	GlobalSection(ProjectConfigurationPlatforms) = postSolution
		{066687D0-0D9F-4C6B-89DA-D929A0D87A09}.Win7 Debug|Any CPU.ActiveCfg = Win7 Debug|Win32
		{066687D0-0D9F-4C6B-89DA-D929A0D87A09}.Win7 Debug|Mixed Platforms.ActiveCfg = Win7 Debug|Win32
		{066687D0-0D9F-4C6B-89DA-D929A0D87A09}.Win7 Debug|Mixed Platforms.Build.0 = Win7 Debug|Win32
		{066687D0-0D9F-4C6B-89DA-D929A0D87A09}.Win7 Debug|Mixed Platforms.Deploy.0 = Win7 Debug|Win32
		{066687D0-0D9F-4C6B-89DA-D929A0D87A09}.Win7 Debug|Win32.ActiveCfg = Win7 Debug|Win32
		{066687D0-0D9F-4C6B-89DA-D929A0D87A09}.Win7 Debug|Win32.Build.0 = Win7 Debug|Win32
		{066687D0-0D9F-4C6B-89DA-D929A0D87A09}.Win7 Debug|Win32.Deploy.0 = Win7 Debug|Win32
		{066687D0-0D9F-4C6B-89DA-D929A0D87A09}.Win7 Debug|x64.ActiveCfg = Win7 Debug|x64
		{066687D0-0D9F-4C6B-89DA-D929A0D87A09}.Win7 Debug|x64.Build.0 = Win7 Debug|x64
		{066687D0-0D9F-4C6B-89DA-D929A0D87A09}.Win7 Debug|x64.Deploy.0 = Win7 Debug|x64
		{066687D0-0D9F-4C6B-89DA-D929A0D87A09}.Win7 Debug|x86.ActiveCfg = Win7 Debug|Win32
		{066687D0-0D9F-4C6B-89DA-D929A0D87A09}.Win7 Debug|x86.Build.0 = Win7 Debug|Win32
		{066687D0-0D9F-4C6B-89DA-D929A0D87A09}.Win7 Debug|x86.Deploy.0 = Win7 Debug|Win32
		{066687D0-0D9F-4C6B-89DA-D929A0D87A09}.Win7 Release|Any CPU.ActiveCfg = Win7 Release|Win32
		{066687D0-0D9F-4C6B-89DA-D929A0D87A09}.Win7 Release|Mixed Platforms.ActiveCfg = Win7 Release|Win32
		{066687D0-0D9F-4C6B-89DA-D929A0D87A09}.Win7 Release|Mixed Platforms.Build.0 = Win7 Release|Win32
		{066687D0-0D9F-4C6B-89DA-D929A0D87A09}.Win7 Release|Mixed Platforms.Deploy.0 = Win7 Release|Win32
		{066687D0-0D9F-4C6B-89DA-D929A0D87A09}.Win7 Release|Win32.ActiveCfg = Win7 Release|Win32
		{066687D0-0D9F-4C6B-89DA-D929A0D87A09}.Win7 Release|Win32.Build.0 = Win7 Release|Win32
		{066687D0-0D9F-4C6B-89DA-D929A0D87A09}.Win7 Release|Win32.Deploy.0 = Win7 Release|Win32
		{066687D0-0D9F-4C6B-89DA-D929A0D87A09}.Win7 Release|x64.ActiveCfg = Win7 Release|x64
		{066687D0-0D9F-4C6B-89DA-D929A0D87A09}.Win7 Release|x64.Build.0 = Win7 Release|x64
		{066687D0-0D9F-4C6B-89DA-D929A0D87A09}.Win7 Release|x64.Deploy.0 = Win7 Release|x64
		{066687D0-0D9F-4C6B-89DA-D929A0D87A09}.Win7 Release|x86.ActiveCfg = Win7 Release|Win32
		{066687D0-0D9F-4C6B-89DA-D929A0D87A09}.Win7 Release|x86.Build.0 = Win7 Release|Win32
		{066687D0-0D9F-4C6B-89DA-D929A0D87A09}.Win7 Release|x86.Deploy.0 = Win7 Release|Win32
		{066687D0-0D9F-4C6B-89DA-D929A0D87A09}.Win8 Debug|Any CPU.ActiveCfg = Win8 Debug|Win32
		{066687D0-0D9F-4C6B-89DA-D929A0D87A09}.Win8 Debug|Mixed Platforms.ActiveCfg = Win8 Debug|Win32
		{066687D0-0D9F-4C6B-89DA-D929A0D87A09}.Win8 Debug|Mixed Platforms.Build.0 = Win8 Debug|Win32
		{066687D0-0D9F-4C6B-89DA-D929A0D87A09}.Win8 Debug|Mixed Platforms.Deploy.0 = Win8 Debug|Win32
		{066687D0-0D9F-4C6B-89DA-D929A0D87A09}.Win8 Debug|Win32.ActiveCfg = Win8 Debug|Win32
		{066687D0-0D9F-4C6B-89DA-D929A0D87A09}.Win8 Debug|Win32.Build.0 = Win8 Debug|Win32
		{066687D0-0D9F-4C6B-89DA-D929A0D87A09}.Win8 Debug|Win32.Deploy.0 = Win8 Debug|Win32
		{066687D0-0D9F-4C6B-89DA-D929A0D87A09}.Win8 Debug|x64.ActiveCfg = Win8 Debug|x64
		{066687D0-0D9F-4C6B-89DA-D929A0D87A09}.Win8 Debug|x64.Build.0 = Win8 Debug|x64
		{066687D0-0D9F-4C6B-89DA-D929A0D87A09}.Win8 Debug|x64.Deploy.0 = Win8 Debug|x64
		{066687D0-0D9F-4C6B-89DA-D929A0D87A09}.Win8 Debug|x86.ActiveCfg = Win8 Debug|Win32
		{066687D0-0D9F-4C6B-89DA-D929A0D87A09}.Win8 Debug|x86.Build.0 = Win8 Debug|Win32
		{066687D0-0D9F-4C6B-89DA-D929A0D87A09}.Win8 Debug|x86.Deploy.0 = Win8 Debug|Win32
		{066687D0-0D9F-4C6B-89DA-D929A0D87A09}.Win8 Release|Any CPU.ActiveCfg = Win8 Release|Win32
		{066687D0-0D9F-4C6B-89DA-D929A0D87A09}.Win8 Release|Mixed Platforms.ActiveCfg = Win8 Release|Win32
		{066687D0-0D9F-4C6B-89DA-D929A0D87A09}.Win8 Release|Mixed Platforms.Build.0 = Win8 Release|Win32
		{066687D0-0D9F-4C6B-89DA-D929A0D87A09}.Win8 Release|Mixed Platforms.Deploy.0 = Win8 Release|Win32
		{066687D0-0D9F-4C6B-89DA-D929A0D87A09}.Win8 Release|Win32.ActiveCfg = Win8 Release|Win32
		{066687D0-0D9F-4C6B-89DA-D929A0D87A09}.Win8 Release|Win32.Build.0 = Win8 Release|Win32
		{066687D0-0D9F-4C6B-89DA-D929A0D87A09}.Win8 Release|Win32.Deploy.0 = Win8 Release|Win32
		{066687D0-0D9F-4C6B-89DA-D929A0D87A09}.Win8 Release|x64.ActiveCfg = Win8 Release|x64
		{066687D0-0D9F-4C6B-89DA-D929A0D87A09}.Win8 Release|x64.Build.0 = Win8 Release|x64
		{066687D0-0D9F-4C6B-89DA-D929A0D87A09}.Win8 Release|x64.Deploy.0 = Win8 Release|x64
		{066687D0-0D9F-4C6B-89DA-D929A0D87A09}.Win8 Release|x86.ActiveCfg = Win8 Release|Win32
		{066687D0-0D9F-4C6B-89DA-D929A0D87A09}.Win8 Release|x86.Build.0 = Win8 Release|Win32
		{066687D0-0D9F-4C6B-89DA-D929A0D87A09}.Win8 Release|x86.Deploy.0 = Win8 Release|Win32
		{066687D0-0D9F-4C6B-89DA-D929A0D87A09}.Win8.1 Debug|Any CPU.ActiveCfg = Win8.1 Debug|Win32
		{066687D0-0D9F-4C6B-89DA-D929A0D87A09}.Win8.1 Debug|Mixed Platforms.ActiveCfg = Win8.1 Debug|Win32
		{066687D0-0D9F-4C6B-89DA-D929A0D87A09}.Win8.1 Debug|Mixed Platforms.Build.0 = Win8.1 Debug|Win32
		{066687D0-0D9F-4C6B-89DA-D929A0D87A09}.Win8.1 Debug|Mixed Platforms.Deploy.0 = Win8.1 Debug|Win32
		{066687D0-0D9F-4C6B-89DA-D929A0D87A09}.Win8.1 Debug|Win32.ActiveCfg = Win8.1 Debug|Win32
		{066687D0-0D9F-4C6B-89DA-D929A0D87A09}.Win8.1 Debug|Win32.Build.0 = Win8.1 Debug|Win32
		{066687D0-0D9F-4C6B-89DA-D929A0D87A09}.Win8.1 Debug|Win32.Deploy.0 = Win8.1 Debug|Win32
		{066687D0-0D9F-4C6B-89DA-D929A0D87A09}.Win8.1 Debug|x64.ActiveCfg = Win8.1 Debug|x64
		{066687D0-0D9F-4C6B-89DA-D929A0D87A09}.Win8.1 Debug|x64.Build.0 = Win8.1 Debug|x64
		{066687D0-0D9F-4C6B-89DA-D929A0D87A09}.Win8.1 Debug|x64.Deploy.0 = Win8.1 Debug|x64
		{066687D0-0D9F-4C6B-89DA-D929A0D87A09}.Win8.1 Debug|x86.ActiveCfg = Win8.1 Debug|Win32
		{066687D0-0D9F-4C6B-89DA-D929A0D87A09}.Win8.1 Debug|x86.Build.0 = Win8.1 Debug|Win32
		{066687D0-0D9F-4C6B-89DA-D929A0D87A09}.Win8.1 Debug|x86.Deploy.0 = Win8.1 Debug|Win32
		{066687D0-0D9F-4C6B-89DA-D929A0D87A09}.Win8.1 Release|Any CPU.ActiveCfg = Win8.1 Release|Win32
		{066687D0-0D9F-4C6B-89DA-D929A0D87A09}.Win8.1 Release|Mixed Platforms.ActiveCfg = Win8.1 Release|Win32
		{066687D0-0D9F-4C6B-89DA-D929A0D87A09}.Win8.1 Release|Mixed Platforms.Build.0 = Win8.1 Release|Win32
		{066687D0-0D9F-4C6B-89DA-D929A0D87A09}.Win8.1 Release|Mixed Platforms.Deploy.0 = Win8.1 Release|Win32
		{066687D0-0D9F-4C6B-89DA-D929A0D87A09}.Win8.1 Release|Win32.ActiveCfg = Win8.1 Release|Win32
		{066687D0-0D9F-4C6B-89DA-D929A0D87A09}.Win8.1 Release|Win32.Build.0 = Win8.1 Release|Win32
		{066687D0-0D9F-4C6B-89DA-D929A0D87A09}.Win8.1 Release|Win32.Deploy.0 = Win8.1 Release|Win32
		{066687D0-0D9F-4C6B-89DA-D929A0D87A09}.Win8.1 Release|x64.ActiveCfg = Win8.1 Release|x64
		{066687D0-0D9F-4C6B-89DA-D929A0D87A09}.Win8.1 Release|x64.Build.0 = Win8.1 Release|x64
		{066687D0-0D9F-4C6B-89DA-D929A0D87A09}.Win8.1 Release|x64.Deploy.0 = Win8.1 Release|x64
		{066687D0-0D9F-4C6B-89DA-D929A0D87A09}.Win8.1 Release|x86.ActiveCfg = Win8.1 Release|Win32
		{066687D0-0D9F-4C6B-89DA-D929A0D87A09}.Win8.1 Release|x86.Build.0 = Win8.1 Release|Win32
		{066687D0-0D9F-4C6B-89DA-D929A0D87A09}.Win8.1 Release|x86.Deploy.0 = Win8.1 Release|Win32
		{D6D2EBDC-BD4D-4351-81B8-AD70238894DE}.Win7 Debug|Any CPU.ActiveCfg = Debug|Any CPU
		{D6D2EBDC-BD4D-4351-81B8-AD70238894DE}.Win7 Debug|Any CPU.Build.0 = Debug|Any CPU
		{D6D2EBDC-BD4D-4351-81B8-AD70238894DE}.Win7 Debug|Mixed Platforms.ActiveCfg = Debug|Any CPU
		{D6D2EBDC-BD4D-4351-81B8-AD70238894DE}.Win7 Debug|Mixed Platforms.Build.0 = Debug|Any CPU
		{D6D2EBDC-BD4D-4351-81B8-AD70238894DE}.Win7 Debug|Win32.ActiveCfg = Debug|Any CPU
		{D6D2EBDC-BD4D-4351-81B8-AD70238894DE}.Win7 Debug|x64.ActiveCfg = Debug|Any CPU
		{D6D2EBDC-BD4D-4351-81B8-AD70238894DE}.Win7 Debug|x86.ActiveCfg = Debug|x86
		{D6D2EBDC-BD4D-4351-81B8-AD70238894DE}.Win7 Debug|x86.Build.0 = Debug|x86
		{D6D2EBDC-BD4D-4351-81B8-AD70238894DE}.Win7 Release|Any CPU.ActiveCfg = Release|Any CPU
		{D6D2EBDC-BD4D-4351-81B8-AD70238894DE}.Win7 Release|Any CPU.Build.0 = Release|Any CPU
		{D6D2EBDC-BD4D-4351-81B8-AD70238894DE}.Win7 Release|Mixed Platforms.ActiveCfg = Release|Any CPU
		{D6D2EBDC-BD4D-4351-81B8-AD70238894DE}.Win7 Release|Mixed Platforms.Build.0 = Release|Any CPU
		{D6D2EBDC-BD4D-4351-81B8-AD70238894DE}.Win7 Release|Win32.ActiveCfg = Release|Any CPU
		{D6D2EBDC-BD4D-4351-81B8-AD70238894DE}.Win7 Release|x64.ActiveCfg = Release|Any CPU
		{D6D2EBDC-BD4D-4351-81B8-AD70238894DE}.Win7 Release|x86.ActiveCfg = Release|x86
		{D6D2EBDC-BD4D-4351-81B8-AD70238894DE}.Win7 Release|x86.Build.0 = Release|x86
		{D6D2EBDC-BD4D-4351-81B8-AD70238894DE}.Win8 Debug|Any CPU.ActiveCfg = Debug|Any CPU
		{D6D2EBDC-BD4D-4351-81B8-AD70238894DE}.Win8 Debug|Any CPU.Build.0 = Debug|Any CPU
		{D6D2EBDC-BD4D-4351-81B8-AD70238894DE}.Win8 Debug|Mixed Platforms.ActiveCfg = Debug|Any CPU
		{D6D2EBDC-BD4D-4351-81B8-AD70238894DE}.Win8 Debug|Mixed Platforms.Build.0 = Debug|Any CPU
		{D6D2EBDC-BD4D-4351-81B8-AD70238894DE}.Win8 Debug|Win32.ActiveCfg = Debug|Any CPU
		{D6D2EBDC-BD4D-4351-81B8-AD70238894DE}.Win8 Debug|x64.ActiveCfg = Debug|Any CPU
		{D6D2EBDC-BD4D-4351-81B8-AD70238894DE}.Win8 Debug|x86.ActiveCfg = Debug|x86
		{D6D2EBDC-BD4D-4351-81B8-AD70238894DE}.Win8 Debug|x86.Build.0 = Debug|x86
		{D6D2EBDC-BD4D-4351-81B8-AD70238894DE}.Win8 Release|Any CPU.ActiveCfg = Release|Any CPU
		{D6D2EBDC-BD4D-4351-81B8-AD70238894DE}.Win8 Release|Any CPU.Build.0 = Release|Any CPU
		{D6D2EBDC-BD4D-4351-81B8-AD70238894DE}.Win8 Release|Mixed Platforms.ActiveCfg = Release|Any CPU
		{D6D2EBDC-BD4D-4351-81B8-AD70238894DE}.Win8 Release|Mixed Platforms.Build.0 = Release|Any CPU
		{D6D2EBDC-BD4D-4351-81B8-AD70238894DE}.Win8 Release|Win32.ActiveCfg = Release|Any CPU
		{D6D2EBDC-BD4D-4351-81B8-AD70238894DE}.Win8 Release|x64.ActiveCfg = Release|Any CPU
		{D6D2EBDC-BD4D-4351-81B8-AD70238894DE}.Win8 Release|x86.ActiveCfg = Release|x86
		{D6D2EBDC-BD4D-4351-81B8-AD70238894DE}.Win8 Release|x86.Build.0 = Release|x86
		{D6D2EBDC-BD4D-4351-81B8-AD70238894DE}.Win8.1 Debug|Any CPU.ActiveCfg = Debug|Any CPU
		{D6D2EBDC-BD4D-4351-81B8-AD70238894DE}.Win8.1 Debug|Any CPU.Build.0 = Debug|Any CPU
		{D6D2EBDC-BD4D-4351-81B8-AD70238894DE}.Win8.1 Debug|Mixed Platforms.ActiveCfg = Debug|Any CPU
		{D6D2EBDC-BD4D-4351-81B8-AD70238894DE}.Win8.1 Debug|Mixed Platforms.Build.0 = Debug|Any CPU
		{D6D2EBDC-BD4D-4351-81B8-AD70238894DE}.Win8.1 Debug|Win32.ActiveCfg = Debug|Any CPU
		{D6D2EBDC-BD4D-4351-81B8-AD70238894DE}.Win8.1 Debug|x64.ActiveCfg = Debug|Any CPU
		{D6D2EBDC-BD4D-4351-81B8-AD70238894DE}.Win8.1 Debug|x86.ActiveCfg = Debug|x86
		{D6D2EBDC-BD4D-4351-81B8-AD70238894DE}.Win8.1 Debug|x86.Build.0 = Debug|x86
		{D6D2EBDC-BD4D-4351-81B8-AD70238894DE}.Win8.1 Release|Any CPU.ActiveCfg = Release|Any CPU
		{D6D2EBDC-BD4D-4351-81B8-AD70238894DE}.Win8.1 Release|Any CPU.Build.0 = Release|Any CPU
		{D6D2EBDC-BD4D-4351-81B8-AD70238894DE}.Win8.1 Release|Mixed Platforms.ActiveCfg = Release|Any CPU
		{D6D2EBDC-BD4D-4351-81B8-AD70238894DE}.Win8.1 Release|Mixed Platforms.Build.0 = Release|Any CPU
		{D6D2EBDC-BD4D-4351-81B8-AD70238894DE}.Win8.1 Release|Win32.ActiveCfg = Release|Any CPU
		{D6D2EBDC-BD4D-4351-81B8-AD70238894DE}.Win8.1 Release|x64.ActiveCfg = Release|Any CPU
		{D6D2EBDC-BD4D-4351-81B8-AD70238894DE}.Win8.1 Release|x86.ActiveCfg = Release|x86
		{D6D2EBDC-BD4D-4351-81B8-AD70238894DE}.Win8.1 Release|x86.Build.0 = Release|x86
		{3CD7E40C-4567-4979-A2F9-C59B16619587}.Win7 Debug|Any CPU.ActiveCfg = Debug|x86
		{3CD7E40C-4567-4979-A2F9-C59B16619587}.Win7 Debug|Mixed Platforms.ActiveCfg = Debug|x86
		{3CD7E40C-4567-4979-A2F9-C59B16619587}.Win7 Debug|Mixed Platforms.Build.0 = Debug|x86
		{3CD7E40C-4567-4979-A2F9-C59B16619587}.Win7 Debug|Win32.ActiveCfg = Debug|x86
		{3CD7E40C-4567-4979-A2F9-C59B16619587}.Win7 Debug|Win32.Build.0 = Debug|x86
		{3CD7E40C-4567-4979-A2F9-C59B16619587}.Win7 Debug|x64.ActiveCfg = Debug|x86
		{3CD7E40C-4567-4979-A2F9-C59B16619587}.Win7 Debug|x86.ActiveCfg = Debug|x86
		{3CD7E40C-4567-4979-A2F9-C59B16619587}.Win7 Debug|x86.Build.0 = Debug|x86
		{3CD7E40C-4567-4979-A2F9-C59B16619587}.Win7 Release|Any CPU.ActiveCfg = Debug|x86
		{3CD7E40C-4567-4979-A2F9-C59B16619587}.Win7 Release|Mixed Platforms.ActiveCfg = Debug|x86
		{3CD7E40C-4567-4979-A2F9-C59B16619587}.Win7 Release|Mixed Platforms.Build.0 = Debug|x86
		{3CD7E40C-4567-4979-A2F9-C59B16619587}.Win7 Release|Win32.ActiveCfg = Debug|x86
		{3CD7E40C-4567-4979-A2F9-C59B16619587}.Win7 Release|Win32.Build.0 = Debug|x86
		{3CD7E40C-4567-4979-A2F9-C59B16619587}.Win7 Release|x64.ActiveCfg = Debug|x86
		{3CD7E40C-4567-4979-A2F9-C59B16619587}.Win7 Release|x86.ActiveCfg = Debug|x86
		{3CD7E40C-4567-4979-A2F9-C59B16619587}.Win7 Release|x86.Build.0 = Debug|x86
		{3CD7E40C-4567-4979-A2F9-C59B16619587}.Win8 Debug|Any CPU.ActiveCfg = Debug|x86
		{3CD7E40C-4567-4979-A2F9-C59B16619587}.Win8 Debug|Mixed Platforms.ActiveCfg = Debug|x86
		{3CD7E40C-4567-4979-A2F9-C59B16619587}.Win8 Debug|Mixed Platforms.Build.0 = Debug|x86
		{3CD7E40C-4567-4979-A2F9-C59B16619587}.Win8 Debug|Win32.ActiveCfg = Debug|x86
		{3CD7E40C-4567-4979-A2F9-C59B16619587}.Win8 Debug|Win32.Build.0 = Debug|x86
		{3CD7E40C-4567-4979-A2F9-C59B16619587}.Win8 Debug|x64.ActiveCfg = Debug|x86
		{3CD7E40C-4567-4979-A2F9-C59B16619587}.Win8 Debug|x86.ActiveCfg = Debug|x86
		{3CD7E40C-4567-4979-A2F9-C59B16619587}.Win8 Debug|x86.Build.0 = Debug|x86
		{3CD7E40C-4567-4979-A2F9-C59B16619587}.Win8 Release|Any CPU.ActiveCfg = Debug|x86
		{3CD7E40C-4567-4979-A2F9-C59B16619587}.Win8 Release|Mixed Platforms.ActiveCfg = Debug|x86
		{3CD7E40C-4567-4979-A2F9-C59B16619587}.Win8 Release|Mixed Platforms.Build.0 = Debug|x86
		{3CD7E40C-4567-4979-A2F9-C59B16619587}.Win8 Release|Win32.ActiveCfg = Debug|x86
		{3CD7E40C-4567-4979-A2F9-C59B16619587}.Win8 Release|Win32.Build.0 = Debug|x86
		{3CD7E40C-4567-4979-A2F9-C59B16619587}.Win8 Release|x64.ActiveCfg = Debug|x86
		{3CD7E40C-4567-4979-A2F9-C59B16619587}.Win8 Release|x86.ActiveCfg = Debug|x86
		{3CD7E40C-4567-4979-A2F9-C59B16619587}.Win8 Release|x86.Build.0 = Debug|x86
		{3CD7E40C-4567-4979-A2F9-C59B16619587}.Win8.1 Debug|Any CPU.ActiveCfg = Debug|x86
		{3CD7E40C-4567-4979-A2F9-C59B16619587}.Win8.1 Debug|Mixed Platforms.ActiveCfg = Debug|x86
		{3CD7E40C-4567-4979-A2F9-C59B16619587}.Win8.1 Debug|Mixed Platforms.Build.0 = Debug|x86
		{3CD7E40C-4567-4979-A2F9-C59B16619587}.Win8.1 Debug|Win32.ActiveCfg = Debug|x86
		{3CD7E40C-4567-4979-A2F9-C59B16619587}.Win8.1 Debug|Win32.Build.0 = Debug|x86
		{3CD7E40C-4567-4979-A2F9-C59B16619587}.Win8.1 Debug|x64.ActiveCfg = Debug|x86
		{3CD7E40C-4567-4979-A2F9-C59B16619587}.Win8.1 Debug|x86.ActiveCfg = Debug|x86
		{3CD7E40C-4567-4979-A2F9-C59B16619587}.Win8.1 Debug|x86.Build.0 = Debug|x86
		{3CD7E40C-4567-4979-A2F9-C59B16619587}.Win8.1 Release|Any CPU.ActiveCfg = Debug|x86
		{3CD7E40C-4567-4979-A2F9-C59B16619587}.Win8.1 Release|Mixed Platforms.ActiveCfg = Debug|x86
		{3CD7E40C-4567-4979-A2F9-C59B16619587}.Win8.1 Release|Mixed Platforms.Build.0 = Debug|x86
		{3CD7E40C-4567-4979-A2F9-C59B16619587}.Win8.1 Release|Win32.ActiveCfg = Debug|x86
		{3CD7E40C-4567-4979-A2F9-C59B16619587}.Win8.1 Release|Win32.Build.0 = Debug|x86
		{3CD7E40C-4567-4979-A2F9-C59B16619587}.Win8.1 Release|x64.ActiveCfg = Debug|x86
		{3CD7E40C-4567-4979-A2F9-C59B16619587}.Win8.1 Release|x86.ActiveCfg = Debug|x86
		{3CD7E40C-4567-4979-A2F9-C59B16619587}.Win8.1 Release|x86.Build.0 = Debug|x86
	EndGlobalSection
	GlobalSection(SolutionProperties) = preSolution
		HideSolutionNode = FALSE
	EndGlobalSection
	GlobalSection(NestedProjects) = preSolution
		{066687D0-0D9F-4C6B-89DA-D929A0D87A09} = {EE00F092-BD1A-492F-87D1-3EEB6322E1EB}
		{D6D2EBDC-BD4D-4351-81B8-AD70238894DE} = {F87C7EF3-0D4A-4344-8487-64BFD34F814C}
		{3CD7E40C-4567-4979-A2F9-C59B16619587} = {21CB7504-F0C6-4C51-9B24-3260E61B9628}
	EndGlobalSection
EndGlobal
