
Microsoft Visual Studio Solution File, Format Version 12.00
# Visual Studio 2013
VisualStudioVersion = 12.0.40629.0
MinimumVisualStudioVersion = 10.0.40219.1
Project("{2150E333-8FDC-42A3-9474-1A3956D46DE8}") = "exe", "exe", "{F87C7EF3-0D4A-4344-8487-64BFD34F814C}"
EndProject
Project("{2150E333-8FDC-42A3-9474-1A3956D46DE8}") = "driver", "driver", "{EE00F092-BD1A-492F-87D1-3EEB6322E1EB}"
EndProject
Project("{8BC9CEB8-8B4A-11D0-8D11-00A0C91BC942}") = "FileControl", "driver\FileControl.vcxproj", "{066687D0-0D9F-4C6B-89DA-D929A0D87A09}"
EndProject
Project("{8BC9CEB8-8B4A-11D0-8D11-00A0C91BC942}") = "fcapi", "exe\fcapi\fcapi.vcxproj", "{88B1876A-8A15-44A4-ABE1-F5676F6AF141}"
EndProject
Project("{8BC9CEB8-8B4A-11D0-8D11-00A0C91BC942}") = "fcapi-dll", "exe\fcapi\fcapi-dll.vcxproj", "{1ED4AC9D-6A6C-4A67-8667-4B0338FCBA45}"
EndProject
Project("{FAE04EC0-301F-11D3-BF4B-00C04F79EFBC}") = "fcapi-wpf", "exe\fcapi-wpf\fcapi-wpf.csproj", "{D6D2EBDC-BD4D-4351-81B8-AD70238894DE}"
EndProject
Global
	GlobalSection(SolutionConfigurationPlatforms) = preSolution
		Debug|Any CPU = Debug|Any CPU
		Debug|Mixed Platforms = Debug|Mixed Platforms
		Debug|Win32 = Debug|Win32
		Debug|x64 = Debug|x64
		Release|Any CPU = Release|Any CPU
		Release|Mixed Platforms = Release|Mixed Platforms
		Release|Win32 = Release|Win32
		Release|x64 = Release|x64
		Win7 Debug|Any CPU = Win7 Debug|Any CPU
		Win7 Debug|Mixed Platforms = Win7 Debug|Mixed Platforms
		Win7 Debug|Win32 = Win7 Debug|Win32
		Win7 Debug|x64 = Win7 Debug|x64
		Win7 Release|Any CPU = Win7 Release|Any CPU
		Win7 Release|Mixed Platforms = Win7 Release|Mixed Platforms
		Win7 Release|Win32 = Win7 Release|Win32
		Win7 Release|x64 = Win7 Release|x64
		Win8 Debug|Any CPU = Win8 Debug|Any CPU
		Win8 Debug|Mixed Platforms = Win8 Debug|Mixed Platforms
		Win8 Debug|Win32 = Win8 Debug|Win32
		Win8 Debug|x64 = Win8 Debug|x64
		Win8 Release|Any CPU = Win8 Release|Any CPU
		Win8 Release|Mixed Platforms = Win8 Release|Mixed Platforms
		Win8 Release|Win32 = Win8 Release|Win32
		Win8 Release|x64 = Win8 Release|x64
		Win8.1 Debug|Any CPU = Win8.1 Debug|Any CPU
		Win8.1 Debug|Mixed Platforms = Win8.1 Debug|Mixed Platforms
		Win8.1 Debug|Win32 = Win8.1 Debug|Win32
		Win8.1 Debug|x64 = Win8.1 Debug|x64
		Win8.1 Release|Any CPU = Win8.1 Release|Any CPU
		Win8.1 Release|Mixed Platforms = Win8.1 Release|Mixed Platforms
		Win8.1 Release|Win32 = Win8.1 Release|Win32
		Win8.1 Release|x64 = Win8.1 Release|x64
	EndGlobalSection
	GlobalSection(ProjectConfigurationPlatforms) = postSolution
		{066687D0-0D9F-4C6B-89DA-D929A0D87A09}.Debug|Any CPU.ActiveCfg = Win8 Debug|Win32
		{066687D0-0D9F-4C6B-89DA-D929A0D87A09}.Debug|Mixed Platforms.ActiveCfg = Win8 Debug|Win32
		{066687D0-0D9F-4C6B-89DA-D929A0D87A09}.Debug|Mixed Platforms.Build.0 = Win8 Debug|Win32
		{066687D0-0D9F-4C6B-89DA-D929A0D87A09}.Debug|Mixed Platforms.Deploy.0 = Win8 Debug|Win32
		{066687D0-0D9F-4C6B-89DA-D929A0D87A09}.Debug|Win32.ActiveCfg = Win8.1 Debug|Win32
		{066687D0-0D9F-4C6B-89DA-D929A0D87A09}.Debug|Win32.Build.0 = Win8.1 Debug|Win32
		{066687D0-0D9F-4C6B-89DA-D929A0D87A09}.Debug|Win32.Deploy.0 = Win8.1 Debug|Win32
		{066687D0-0D9F-4C6B-89DA-D929A0D87A09}.Debug|x64.ActiveCfg = Win8.1 Debug|x64
		{066687D0-0D9F-4C6B-89DA-D929A0D87A09}.Debug|x64.Build.0 = Win8.1 Debug|x64
		{066687D0-0D9F-4C6B-89DA-D929A0D87A09}.Debug|x64.Deploy.0 = Win8.1 Debug|x64
		{066687D0-0D9F-4C6B-89DA-D929A0D87A09}.Release|Any CPU.ActiveCfg = Win8 Release|Win32
		{066687D0-0D9F-4C6B-89DA-D929A0D87A09}.Release|Mixed Platforms.ActiveCfg = Win8 Release|Win32
		{066687D0-0D9F-4C6B-89DA-D929A0D87A09}.Release|Mixed Platforms.Build.0 = Win8 Release|Win32
		{066687D0-0D9F-4C6B-89DA-D929A0D87A09}.Release|Mixed Platforms.Deploy.0 = Win8 Release|Win32
		{066687D0-0D9F-4C6B-89DA-D929A0D87A09}.Release|Win32.ActiveCfg = Win8.1 Release|Win32
		{066687D0-0D9F-4C6B-89DA-D929A0D87A09}.Release|Win32.Build.0 = Win8.1 Release|Win32
		{066687D0-0D9F-4C6B-89DA-D929A0D87A09}.Release|Win32.Deploy.0 = Win8.1 Release|Win32
		{066687D0-0D9F-4C6B-89DA-D929A0D87A09}.Release|x64.ActiveCfg = Win8.1 Release|x64
		{066687D0-0D9F-4C6B-89DA-D929A0D87A09}.Release|x64.Build.0 = Win8.1 Release|x64
		{066687D0-0D9F-4C6B-89DA-D929A0D87A09}.Release|x64.Deploy.0 = Win8.1 Release|x64
		{066687D0-0D9F-4C6B-89DA-D929A0D87A09}.Win7 Debug|Any CPU.ActiveCfg = Win7 Debug|Win32
		{066687D0-0D9F-4C6B-89DA-D929A0D87A09}.Win7 Debug|Mixed Platforms.ActiveCfg = Win7 Debug|Win32
		{066687D0-0D9F-4C6B-89DA-D929A0D87A09}.Win7 Debug|Mixed Platforms.Build.0 = Win7 Debug|Win32
		{066687D0-0D9F-4C6B-89DA-D929A0D87A09}.Win7 Debug|Mixed Platforms.Deploy.0 = Win7 Debug|Win32
		{066687D0-0D9F-4C6B-89DA-D929A0D87A09}.Win7 Debug|Win32.ActiveCfg = Win7 Debug|Win32
		{066687D0-0D9F-4C6B-89DA-D929A0D87A09}.Win7 Debug|Win32.Build.0 = Win7 Debug|Win32
		{066687D0-0D9F-4C6B-89DA-D929A0D87A09}.Win7 Debug|Win32.Deploy.0 = Win7 Debug|Win32
		{066687D0-0D9F-4C6B-89DA-D929A0D87A09}.Win7 Debug|x64.ActiveCfg = Win7 Debug|x64
		{066687D0-0D9F-4C6B-89DA-D929A0D87A09}.Win7 Debug|x64.Build.0 = Win7 Debug|x64
		{066687D0-0D9F-4C6B-89DA-D929A0D87A09}.Win7 Debug|x64.Deploy.0 = Win7 Debug|x64
		{066687D0-0D9F-4C6B-89DA-D929A0D87A09}.Win7 Release|Any CPU.ActiveCfg = Win7 Release|Win32
		{066687D0-0D9F-4C6B-89DA-D929A0D87A09}.Win7 Release|Mixed Platforms.ActiveCfg = Win7 Release|Win32
		{066687D0-0D9F-4C6B-89DA-D929A0D87A09}.Win7 Release|Mixed Platforms.Build.0 = Win7 Release|Win32
		{066687D0-0D9F-4C6B-89DA-D929A0D87A09}.Win7 Release|Mixed Platforms.Deploy.0 = Win7 Release|Win32
		{066687D0-0D9F-4C6B-89DA-D929A0D87A09}.Win7 Release|Win32.ActiveCfg = Win7 Release|Win32
		{066687D0-0D9F-4C6B-89DA-D929A0D87A09}.Win7 Release|Win32.Build.0 = Win7 Release|Win32
		{066687D0-0D9F-4C6B-89DA-D929A0D87A09}.Win7 Release|Win32.Deploy.0 = Win7 Release|Win32
		{066687D0-0D9F-4C6B-89DA-D929A0D87A09}.Win7 Release|x64.ActiveCfg = Win7 Release|x64
		{066687D0-0D9F-4C6B-89DA-D929A0D87A09}.Win7 Release|x64.Build.0 = Win7 Release|x64
		{066687D0-0D9F-4C6B-89DA-D929A0D87A09}.Win7 Release|x64.Deploy.0 = Win7 Release|x64
		{066687D0-0D9F-4C6B-89DA-D929A0D87A09}.Win8 Debug|Any CPU.ActiveCfg = Win8 Debug|Win32
		{066687D0-0D9F-4C6B-89DA-D929A0D87A09}.Win8 Debug|Mixed Platforms.ActiveCfg = Win8 Debug|Win32
		{066687D0-0D9F-4C6B-89DA-D929A0D87A09}.Win8 Debug|Mixed Platforms.Build.0 = Win8 Debug|Win32
		{066687D0-0D9F-4C6B-89DA-D929A0D87A09}.Win8 Debug|Mixed Platforms.Deploy.0 = Win8 Debug|Win32
		{066687D0-0D9F-4C6B-89DA-D929A0D87A09}.Win8 Debug|Win32.ActiveCfg = Win8 Debug|Win32
		{066687D0-0D9F-4C6B-89DA-D929A0D87A09}.Win8 Debug|Win32.Build.0 = Win8 Debug|Win32
		{066687D0-0D9F-4C6B-89DA-D929A0D87A09}.Win8 Debug|Win32.Deploy.0 = Win8 Debug|Win32
		{066687D0-0D9F-4C6B-89DA-D929A0D87A09}.Win8 Debug|x64.ActiveCfg = Win8 Debug|x64
		{066687D0-0D9F-4C6B-89DA-D929A0D87A09}.Win8 Debug|x64.Build.0 = Win8 Debug|x64
		{066687D0-0D9F-4C6B-89DA-D929A0D87A09}.Win8 Debug|x64.Deploy.0 = Win8 Debug|x64
		{066687D0-0D9F-4C6B-89DA-D929A0D87A09}.Win8 Release|Any CPU.ActiveCfg = Win8 Release|Win32
		{066687D0-0D9F-4C6B-89DA-D929A0D87A09}.Win8 Release|Mixed Platforms.ActiveCfg = Win8 Release|Win32
		{066687D0-0D9F-4C6B-89DA-D929A0D87A09}.Win8 Release|Mixed Platforms.Build.0 = Win8 Release|Win32
		{066687D0-0D9F-4C6B-89DA-D929A0D87A09}.Win8 Release|Mixed Platforms.Deploy.0 = Win8 Release|Win32
		{066687D0-0D9F-4C6B-89DA-D929A0D87A09}.Win8 Release|Win32.ActiveCfg = Win8 Release|Win32
		{066687D0-0D9F-4C6B-89DA-D929A0D87A09}.Win8 Release|Win32.Build.0 = Win8 Release|Win32
		{066687D0-0D9F-4C6B-89DA-D929A0D87A09}.Win8 Release|Win32.Deploy.0 = Win8 Release|Win32
		{066687D0-0D9F-4C6B-89DA-D929A0D87A09}.Win8 Release|x64.ActiveCfg = Win8 Release|x64
		{066687D0-0D9F-4C6B-89DA-D929A0D87A09}.Win8 Release|x64.Build.0 = Win8 Release|x64
		{066687D0-0D9F-4C6B-89DA-D929A0D87A09}.Win8 Release|x64.Deploy.0 = Win8 Release|x64
		{066687D0-0D9F-4C6B-89DA-D929A0D87A09}.Win8.1 Debug|Any CPU.ActiveCfg = Win8.1 Debug|Win32
		{066687D0-0D9F-4C6B-89DA-D929A0D87A09}.Win8.1 Debug|Mixed Platforms.ActiveCfg = Win8.1 Debug|Win32
		{066687D0-0D9F-4C6B-89DA-D929A0D87A09}.Win8.1 Debug|Mixed Platforms.Build.0 = Win8.1 Debug|Win32
		{066687D0-0D9F-4C6B-89DA-D929A0D87A09}.Win8.1 Debug|Mixed Platforms.Deploy.0 = Win8.1 Debug|Win32
		{066687D0-0D9F-4C6B-89DA-D929A0D87A09}.Win8.1 Debug|Win32.ActiveCfg = Win8.1 Debug|Win32
		{066687D0-0D9F-4C6B-89DA-D929A0D87A09}.Win8.1 Debug|Win32.Build.0 = Win8.1 Debug|Win32
		{066687D0-0D9F-4C6B-89DA-D929A0D87A09}.Win8.1 Debug|Win32.Deploy.0 = Win8.1 Debug|Win32
		{066687D0-0D9F-4C6B-89DA-D929A0D87A09}.Win8.1 Debug|x64.ActiveCfg = Win8.1 Debug|x64
		{066687D0-0D9F-4C6B-89DA-D929A0D87A09}.Win8.1 Debug|x64.Build.0 = Win8.1 Debug|x64
		{066687D0-0D9F-4C6B-89DA-D929A0D87A09}.Win8.1 Debug|x64.Deploy.0 = Win8.1 Debug|x64
		{066687D0-0D9F-4C6B-89DA-D929A0D87A09}.Win8.1 Release|Any CPU.ActiveCfg = Win8.1 Release|Win32
		{066687D0-0D9F-4C6B-89DA-D929A0D87A09}.Win8.1 Release|Mixed Platforms.ActiveCfg = Win8.1 Release|Win32
		{066687D0-0D9F-4C6B-89DA-D929A0D87A09}.Win8.1 Release|Mixed Platforms.Build.0 = Win8.1 Release|Win32
		{066687D0-0D9F-4C6B-89DA-D929A0D87A09}.Win8.1 Release|Mixed Platforms.Deploy.0 = Win8.1 Release|Win32
		{066687D0-0D9F-4C6B-89DA-D929A0D87A09}.Win8.1 Release|Win32.ActiveCfg = Win8.1 Release|Win32
		{066687D0-0D9F-4C6B-89DA-D929A0D87A09}.Win8.1 Release|Win32.Build.0 = Win8.1 Release|Win32
		{066687D0-0D9F-4C6B-89DA-D929A0D87A09}.Win8.1 Release|Win32.Deploy.0 = Win8.1 Release|Win32
		{066687D0-0D9F-4C6B-89DA-D929A0D87A09}.Win8.1 Release|x64.ActiveCfg = Win8.1 Release|x64
		{066687D0-0D9F-4C6B-89DA-D929A0D87A09}.Win8.1 Release|x64.Build.0 = Win8.1 Release|x64
		{066687D0-0D9F-4C6B-89DA-D929A0D87A09}.Win8.1 Release|x64.Deploy.0 = Win8.1 Release|x64
		{88B1876A-8A15-44A4-ABE1-F5676F6AF141}.Debug|Any CPU.ActiveCfg = Win8 Debug|Win32
		{88B1876A-8A15-44A4-ABE1-F5676F6AF141}.Debug|Mixed Platforms.ActiveCfg = Win8 Debug|Win32
		{88B1876A-8A15-44A4-ABE1-F5676F6AF141}.Debug|Mixed Platforms.Build.0 = Win8 Debug|Win32
		{88B1876A-8A15-44A4-ABE1-F5676F6AF141}.Debug|Mixed Platforms.Deploy.0 = Win8 Debug|Win32
		{88B1876A-8A15-44A4-ABE1-F5676F6AF141}.Debug|Win32.ActiveCfg = Win8.1 Debug|Win32
		{88B1876A-8A15-44A4-ABE1-F5676F6AF141}.Debug|Win32.Build.0 = Win8.1 Debug|Win32
		{88B1876A-8A15-44A4-ABE1-F5676F6AF141}.Debug|Win32.Deploy.0 = Win8.1 Debug|Win32
		{88B1876A-8A15-44A4-ABE1-F5676F6AF141}.Debug|x64.ActiveCfg = Win8.1 Debug|x64
		{88B1876A-8A15-44A4-ABE1-F5676F6AF141}.Debug|x64.Build.0 = Win8.1 Debug|x64
		{88B1876A-8A15-44A4-ABE1-F5676F6AF141}.Debug|x64.Deploy.0 = Win8.1 Debug|x64
		{88B1876A-8A15-44A4-ABE1-F5676F6AF141}.Release|Any CPU.ActiveCfg = Win8 Release|Win32
		{88B1876A-8A15-44A4-ABE1-F5676F6AF141}.Release|Mixed Platforms.ActiveCfg = Win8 Release|Win32
		{88B1876A-8A15-44A4-ABE1-F5676F6AF141}.Release|Mixed Platforms.Build.0 = Win8 Release|Win32
		{88B1876A-8A15-44A4-ABE1-F5676F6AF141}.Release|Mixed Platforms.Deploy.0 = Win8 Release|Win32
		{88B1876A-8A15-44A4-ABE1-F5676F6AF141}.Release|Win32.ActiveCfg = Win8.1 Release|Win32
		{88B1876A-8A15-44A4-ABE1-F5676F6AF141}.Release|Win32.Build.0 = Win8.1 Release|Win32
		{88B1876A-8A15-44A4-ABE1-F5676F6AF141}.Release|Win32.Deploy.0 = Win8.1 Release|Win32
		{88B1876A-8A15-44A4-ABE1-F5676F6AF141}.Release|x64.ActiveCfg = Win8.1 Release|x64
		{88B1876A-8A15-44A4-ABE1-F5676F6AF141}.Release|x64.Build.0 = Win8.1 Release|x64
		{88B1876A-8A15-44A4-ABE1-F5676F6AF141}.Release|x64.Deploy.0 = Win8.1 Release|x64
		{88B1876A-8A15-44A4-ABE1-F5676F6AF141}.Win7 Debug|Any CPU.ActiveCfg = Win7 Debug|Win32
		{88B1876A-8A15-44A4-ABE1-F5676F6AF141}.Win7 Debug|Mixed Platforms.ActiveCfg = Win7 Debug|Win32
		{88B1876A-8A15-44A4-ABE1-F5676F6AF141}.Win7 Debug|Mixed Platforms.Build.0 = Win7 Debug|Win32
		{88B1876A-8A15-44A4-ABE1-F5676F6AF141}.Win7 Debug|Mixed Platforms.Deploy.0 = Win7 Debug|Win32
		{88B1876A-8A15-44A4-ABE1-F5676F6AF141}.Win7 Debug|Win32.ActiveCfg = Win7 Debug|Win32
		{88B1876A-8A15-44A4-ABE1-F5676F6AF141}.Win7 Debug|Win32.Build.0 = Win7 Debug|Win32
		{88B1876A-8A15-44A4-ABE1-F5676F6AF141}.Win7 Debug|Win32.Deploy.0 = Win7 Debug|Win32
		{88B1876A-8A15-44A4-ABE1-F5676F6AF141}.Win7 Debug|x64.ActiveCfg = Win7 Debug|x64
		{88B1876A-8A15-44A4-ABE1-F5676F6AF141}.Win7 Debug|x64.Build.0 = Win7 Debug|x64
		{88B1876A-8A15-44A4-ABE1-F5676F6AF141}.Win7 Debug|x64.Deploy.0 = Win7 Debug|x64
		{88B1876A-8A15-44A4-ABE1-F5676F6AF141}.Win7 Release|Any CPU.ActiveCfg = Win7 Release|Win32
		{88B1876A-8A15-44A4-ABE1-F5676F6AF141}.Win7 Release|Mixed Platforms.ActiveCfg = Win7 Release|Win32
		{88B1876A-8A15-44A4-ABE1-F5676F6AF141}.Win7 Release|Mixed Platforms.Build.0 = Win7 Release|Win32
		{88B1876A-8A15-44A4-ABE1-F5676F6AF141}.Win7 Release|Mixed Platforms.Deploy.0 = Win7 Release|Win32
		{88B1876A-8A15-44A4-ABE1-F5676F6AF141}.Win7 Release|Win32.ActiveCfg = Win7 Release|Win32
		{88B1876A-8A15-44A4-ABE1-F5676F6AF141}.Win7 Release|Win32.Build.0 = Win7 Release|Win32
		{88B1876A-8A15-44A4-ABE1-F5676F6AF141}.Win7 Release|Win32.Deploy.0 = Win7 Release|Win32
		{88B1876A-8A15-44A4-ABE1-F5676F6AF141}.Win7 Release|x64.ActiveCfg = Win7 Release|x64
		{88B1876A-8A15-44A4-ABE1-F5676F6AF141}.Win7 Release|x64.Build.0 = Win7 Release|x64
		{88B1876A-8A15-44A4-ABE1-F5676F6AF141}.Win7 Release|x64.Deploy.0 = Win7 Release|x64
		{88B1876A-8A15-44A4-ABE1-F5676F6AF141}.Win8 Debug|Any CPU.ActiveCfg = Win8 Debug|Win32
		{88B1876A-8A15-44A4-ABE1-F5676F6AF141}.Win8 Debug|Mixed Platforms.ActiveCfg = Win8 Debug|Win32
		{88B1876A-8A15-44A4-ABE1-F5676F6AF141}.Win8 Debug|Mixed Platforms.Build.0 = Win8 Debug|Win32
		{88B1876A-8A15-44A4-ABE1-F5676F6AF141}.Win8 Debug|Mixed Platforms.Deploy.0 = Win8 Debug|Win32
		{88B1876A-8A15-44A4-ABE1-F5676F6AF141}.Win8 Debug|Win32.ActiveCfg = Win8 Debug|Win32
		{88B1876A-8A15-44A4-ABE1-F5676F6AF141}.Win8 Debug|Win32.Build.0 = Win8 Debug|Win32
		{88B1876A-8A15-44A4-ABE1-F5676F6AF141}.Win8 Debug|Win32.Deploy.0 = Win8 Debug|Win32
		{88B1876A-8A15-44A4-ABE1-F5676F6AF141}.Win8 Debug|x64.ActiveCfg = Win8 Debug|x64
		{88B1876A-8A15-44A4-ABE1-F5676F6AF141}.Win8 Debug|x64.Build.0 = Win8 Debug|x64
		{88B1876A-8A15-44A4-ABE1-F5676F6AF141}.Win8 Debug|x64.Deploy.0 = Win8 Debug|x64
		{88B1876A-8A15-44A4-ABE1-F5676F6AF141}.Win8 Release|Any CPU.ActiveCfg = Win8 Release|Win32
		{88B1876A-8A15-44A4-ABE1-F5676F6AF141}.Win8 Release|Mixed Platforms.ActiveCfg = Win8 Release|Win32
		{88B1876A-8A15-44A4-ABE1-F5676F6AF141}.Win8 Release|Mixed Platforms.Build.0 = Win8 Release|Win32
		{88B1876A-8A15-44A4-ABE1-F5676F6AF141}.Win8 Release|Mixed Platforms.Deploy.0 = Win8 Release|Win32
		{88B1876A-8A15-44A4-ABE1-F5676F6AF141}.Win8 Release|Win32.ActiveCfg = Win8 Release|Win32
		{88B1876A-8A15-44A4-ABE1-F5676F6AF141}.Win8 Release|Win32.Build.0 = Win8 Release|Win32
		{88B1876A-8A15-44A4-ABE1-F5676F6AF141}.Win8 Release|Win32.Deploy.0 = Win8 Release|Win32
		{88B1876A-8A15-44A4-ABE1-F5676F6AF141}.Win8 Release|x64.ActiveCfg = Win8 Release|x64
		{88B1876A-8A15-44A4-ABE1-F5676F6AF141}.Win8 Release|x64.Build.0 = Win8 Release|x64
		{88B1876A-8A15-44A4-ABE1-F5676F6AF141}.Win8 Release|x64.Deploy.0 = Win8 Release|x64
		{88B1876A-8A15-44A4-ABE1-F5676F6AF141}.Win8.1 Debug|Any CPU.ActiveCfg = Win8.1 Debug|Win32
		{88B1876A-8A15-44A4-ABE1-F5676F6AF141}.Win8.1 Debug|Mixed Platforms.ActiveCfg = Win8.1 Debug|Win32
		{88B1876A-8A15-44A4-ABE1-F5676F6AF141}.Win8.1 Debug|Mixed Platforms.Build.0 = Win8.1 Debug|Win32
		{88B1876A-8A15-44A4-ABE1-F5676F6AF141}.Win8.1 Debug|Mixed Platforms.Deploy.0 = Win8.1 Debug|Win32
		{88B1876A-8A15-44A4-ABE1-F5676F6AF141}.Win8.1 Debug|Win32.ActiveCfg = Win8.1 Debug|Win32
		{88B1876A-8A15-44A4-ABE1-F5676F6AF141}.Win8.1 Debug|Win32.Build.0 = Win8.1 Debug|Win32
		{88B1876A-8A15-44A4-ABE1-F5676F6AF141}.Win8.1 Debug|Win32.Deploy.0 = Win8.1 Debug|Win32
		{88B1876A-8A15-44A4-ABE1-F5676F6AF141}.Win8.1 Debug|x64.ActiveCfg = Win8.1 Debug|x64
		{88B1876A-8A15-44A4-ABE1-F5676F6AF141}.Win8.1 Debug|x64.Build.0 = Win8.1 Debug|x64
		{88B1876A-8A15-44A4-ABE1-F5676F6AF141}.Win8.1 Debug|x64.Deploy.0 = Win8.1 Debug|x64
		{88B1876A-8A15-44A4-ABE1-F5676F6AF141}.Win8.1 Release|Any CPU.ActiveCfg = Win8.1 Release|Win32
		{88B1876A-8A15-44A4-ABE1-F5676F6AF141}.Win8.1 Release|Mixed Platforms.ActiveCfg = Win8.1 Release|Win32
		{88B1876A-8A15-44A4-ABE1-F5676F6AF141}.Win8.1 Release|Mixed Platforms.Build.0 = Win8.1 Release|Win32
		{88B1876A-8A15-44A4-ABE1-F5676F6AF141}.Win8.1 Release|Mixed Platforms.Deploy.0 = Win8.1 Release|Win32
		{88B1876A-8A15-44A4-ABE1-F5676F6AF141}.Win8.1 Release|Win32.ActiveCfg = Win8.1 Release|Win32
		{88B1876A-8A15-44A4-ABE1-F5676F6AF141}.Win8.1 Release|Win32.Build.0 = Win8.1 Release|Win32
		{88B1876A-8A15-44A4-ABE1-F5676F6AF141}.Win8.1 Release|Win32.Deploy.0 = Win8.1 Release|Win32
		{88B1876A-8A15-44A4-ABE1-F5676F6AF141}.Win8.1 Release|x64.ActiveCfg = Win8.1 Release|x64
		{88B1876A-8A15-44A4-ABE1-F5676F6AF141}.Win8.1 Release|x64.Build.0 = Win8.1 Release|x64
		{88B1876A-8A15-44A4-ABE1-F5676F6AF141}.Win8.1 Release|x64.Deploy.0 = Win8.1 Release|x64
		{1ED4AC9D-6A6C-4A67-8667-4B0338FCBA45}.Debug|Any CPU.ActiveCfg = Win8.1 Debug|Win32
		{1ED4AC9D-6A6C-4A67-8667-4B0338FCBA45}.Debug|Mixed Platforms.ActiveCfg = Win8.1 Debug|Win32
		{1ED4AC9D-6A6C-4A67-8667-4B0338FCBA45}.Debug|Mixed Platforms.Build.0 = Win8.1 Debug|Win32
		{1ED4AC9D-6A6C-4A67-8667-4B0338FCBA45}.Debug|Mixed Platforms.Deploy.0 = Win8.1 Debug|Win32
		{1ED4AC9D-6A6C-4A67-8667-4B0338FCBA45}.Debug|Win32.ActiveCfg = Win8.1 Debug|Win32
		{1ED4AC9D-6A6C-4A67-8667-4B0338FCBA45}.Debug|Win32.Build.0 = Win8.1 Debug|Win32
		{1ED4AC9D-6A6C-4A67-8667-4B0338FCBA45}.Debug|Win32.Deploy.0 = Win8.1 Debug|Win32
		{1ED4AC9D-6A6C-4A67-8667-4B0338FCBA45}.Debug|x64.ActiveCfg = Win8.1 Debug|x64
		{1ED4AC9D-6A6C-4A67-8667-4B0338FCBA45}.Debug|x64.Build.0 = Win8.1 Debug|x64
		{1ED4AC9D-6A6C-4A67-8667-4B0338FCBA45}.Debug|x64.Deploy.0 = Win8.1 Debug|x64
		{1ED4AC9D-6A6C-4A67-8667-4B0338FCBA45}.Release|Any CPU.ActiveCfg = Win8.1 Release|Win32
		{1ED4AC9D-6A6C-4A67-8667-4B0338FCBA45}.Release|Mixed Platforms.ActiveCfg = Win8.1 Release|Win32
		{1ED4AC9D-6A6C-4A67-8667-4B0338FCBA45}.Release|Mixed Platforms.Build.0 = Win8.1 Release|Win32
		{1ED4AC9D-6A6C-4A67-8667-4B0338FCBA45}.Release|Mixed Platforms.Deploy.0 = Win8.1 Release|Win32
		{1ED4AC9D-6A6C-4A67-8667-4B0338FCBA45}.Release|Win32.ActiveCfg = Win8.1 Release|Win32
		{1ED4AC9D-6A6C-4A67-8667-4B0338FCBA45}.Release|Win32.Build.0 = Win8.1 Release|Win32
		{1ED4AC9D-6A6C-4A67-8667-4B0338FCBA45}.Release|Win32.Deploy.0 = Win8.1 Release|Win32
		{1ED4AC9D-6A6C-4A67-8667-4B0338FCBA45}.Release|x64.ActiveCfg = Win8.1 Release|x64
		{1ED4AC9D-6A6C-4A67-8667-4B0338FCBA45}.Release|x64.Build.0 = Win8.1 Release|x64
		{1ED4AC9D-6A6C-4A67-8667-4B0338FCBA45}.Release|x64.Deploy.0 = Win8.1 Release|x64
		{1ED4AC9D-6A6C-4A67-8667-4B0338FCBA45}.Win7 Debug|Any CPU.ActiveCfg = Win7 Debug|Win32
		{1ED4AC9D-6A6C-4A67-8667-4B0338FCBA45}.Win7 Debug|Mixed Platforms.ActiveCfg = Win7 Debug|Win32
		{1ED4AC9D-6A6C-4A67-8667-4B0338FCBA45}.Win7 Debug|Mixed Platforms.Build.0 = Win7 Debug|Win32
		{1ED4AC9D-6A6C-4A67-8667-4B0338FCBA45}.Win7 Debug|Mixed Platforms.Deploy.0 = Win7 Debug|Win32
		{1ED4AC9D-6A6C-4A67-8667-4B0338FCBA45}.Win7 Debug|Win32.ActiveCfg = Win7 Debug|Win32
		{1ED4AC9D-6A6C-4A67-8667-4B0338FCBA45}.Win7 Debug|Win32.Build.0 = Win7 Debug|Win32
		{1ED4AC9D-6A6C-4A67-8667-4B0338FCBA45}.Win7 Debug|Win32.Deploy.0 = Win7 Debug|Win32
		{1ED4AC9D-6A6C-4A67-8667-4B0338FCBA45}.Win7 Debug|x64.ActiveCfg = Win7 Debug|x64
		{1ED4AC9D-6A6C-4A67-8667-4B0338FCBA45}.Win7 Debug|x64.Build.0 = Win7 Debug|x64
		{1ED4AC9D-6A6C-4A67-8667-4B0338FCBA45}.Win7 Debug|x64.Deploy.0 = Win7 Debug|x64
		{1ED4AC9D-6A6C-4A67-8667-4B0338FCBA45}.Win7 Release|Any CPU.ActiveCfg = Win7 Release|Win32
		{1ED4AC9D-6A6C-4A67-8667-4B0338FCBA45}.Win7 Release|Mixed Platforms.ActiveCfg = Win7 Release|Win32
		{1ED4AC9D-6A6C-4A67-8667-4B0338FCBA45}.Win7 Release|Mixed Platforms.Build.0 = Win7 Release|Win32
		{1ED4AC9D-6A6C-4A67-8667-4B0338FCBA45}.Win7 Release|Mixed Platforms.Deploy.0 = Win7 Release|Win32
		{1ED4AC9D-6A6C-4A67-8667-4B0338FCBA45}.Win7 Release|Win32.ActiveCfg = Win7 Release|Win32
		{1ED4AC9D-6A6C-4A67-8667-4B0338FCBA45}.Win7 Release|Win32.Build.0 = Win7 Release|Win32
		{1ED4AC9D-6A6C-4A67-8667-4B0338FCBA45}.Win7 Release|Win32.Deploy.0 = Win7 Release|Win32
		{1ED4AC9D-6A6C-4A67-8667-4B0338FCBA45}.Win7 Release|x64.ActiveCfg = Win7 Release|x64
		{1ED4AC9D-6A6C-4A67-8667-4B0338FCBA45}.Win7 Release|x64.Build.0 = Win7 Release|x64
		{1ED4AC9D-6A6C-4A67-8667-4B0338FCBA45}.Win7 Release|x64.Deploy.0 = Win7 Release|x64
		{1ED4AC9D-6A6C-4A67-8667-4B0338FCBA45}.Win8 Debug|Any CPU.ActiveCfg = Win8 Debug|Win32
		{1ED4AC9D-6A6C-4A67-8667-4B0338FCBA45}.Win8 Debug|Mixed Platforms.ActiveCfg = Win8 Debug|Win32
		{1ED4AC9D-6A6C-4A67-8667-4B0338FCBA45}.Win8 Debug|Mixed Platforms.Build.0 = Win8 Debug|Win32
		{1ED4AC9D-6A6C-4A67-8667-4B0338FCBA45}.Win8 Debug|Mixed Platforms.Deploy.0 = Win8 Debug|Win32
		{1ED4AC9D-6A6C-4A67-8667-4B0338FCBA45}.Win8 Debug|Win32.ActiveCfg = Win8 Debug|Win32
		{1ED4AC9D-6A6C-4A67-8667-4B0338FCBA45}.Win8 Debug|Win32.Build.0 = Win8 Debug|Win32
		{1ED4AC9D-6A6C-4A67-8667-4B0338FCBA45}.Win8 Debug|Win32.Deploy.0 = Win8 Debug|Win32
		{1ED4AC9D-6A6C-4A67-8667-4B0338FCBA45}.Win8 Debug|x64.ActiveCfg = Win8 Debug|x64
		{1ED4AC9D-6A6C-4A67-8667-4B0338FCBA45}.Win8 Debug|x64.Build.0 = Win8 Debug|x64
		{1ED4AC9D-6A6C-4A67-8667-4B0338FCBA45}.Win8 Debug|x64.Deploy.0 = Win8 Debug|x64
		{1ED4AC9D-6A6C-4A67-8667-4B0338FCBA45}.Win8 Release|Any CPU.ActiveCfg = Win8 Release|Win32
		{1ED4AC9D-6A6C-4A67-8667-4B0338FCBA45}.Win8 Release|Mixed Platforms.ActiveCfg = Win8 Release|Win32
		{1ED4AC9D-6A6C-4A67-8667-4B0338FCBA45}.Win8 Release|Mixed Platforms.Build.0 = Win8 Release|Win32
		{1ED4AC9D-6A6C-4A67-8667-4B0338FCBA45}.Win8 Release|Mixed Platforms.Deploy.0 = Win8 Release|Win32
		{1ED4AC9D-6A6C-4A67-8667-4B0338FCBA45}.Win8 Release|Win32.ActiveCfg = Win8 Release|Win32
		{1ED4AC9D-6A6C-4A67-8667-4B0338FCBA45}.Win8 Release|Win32.Build.0 = Win8 Release|Win32
		{1ED4AC9D-6A6C-4A67-8667-4B0338FCBA45}.Win8 Release|Win32.Deploy.0 = Win8 Release|Win32
		{1ED4AC9D-6A6C-4A67-8667-4B0338FCBA45}.Win8 Release|x64.ActiveCfg = Win8 Release|x64
		{1ED4AC9D-6A6C-4A67-8667-4B0338FCBA45}.Win8 Release|x64.Build.0 = Win8 Release|x64
		{1ED4AC9D-6A6C-4A67-8667-4B0338FCBA45}.Win8 Release|x64.Deploy.0 = Win8 Release|x64
		{1ED4AC9D-6A6C-4A67-8667-4B0338FCBA45}.Win8.1 Debug|Any CPU.ActiveCfg = Win8.1 Debug|Win32
		{1ED4AC9D-6A6C-4A67-8667-4B0338FCBA45}.Win8.1 Debug|Mixed Platforms.ActiveCfg = Win8.1 Debug|Win32
		{1ED4AC9D-6A6C-4A67-8667-4B0338FCBA45}.Win8.1 Debug|Mixed Platforms.Build.0 = Win8.1 Debug|Win32
		{1ED4AC9D-6A6C-4A67-8667-4B0338FCBA45}.Win8.1 Debug|Mixed Platforms.Deploy.0 = Win8.1 Debug|Win32
		{1ED4AC9D-6A6C-4A67-8667-4B0338FCBA45}.Win8.1 Debug|Win32.ActiveCfg = Win8.1 Debug|Win32
		{1ED4AC9D-6A6C-4A67-8667-4B0338FCBA45}.Win8.1 Debug|Win32.Build.0 = Win8.1 Debug|Win32
		{1ED4AC9D-6A6C-4A67-8667-4B0338FCBA45}.Win8.1 Debug|Win32.Deploy.0 = Win8.1 Debug|Win32
		{1ED4AC9D-6A6C-4A67-8667-4B0338FCBA45}.Win8.1 Debug|x64.ActiveCfg = Win8.1 Debug|x64
		{1ED4AC9D-6A6C-4A67-8667-4B0338FCBA45}.Win8.1 Debug|x64.Build.0 = Win8.1 Debug|x64
		{1ED4AC9D-6A6C-4A67-8667-4B0338FCBA45}.Win8.1 Debug|x64.Deploy.0 = Win8.1 Debug|x64
		{1ED4AC9D-6A6C-4A67-8667-4B0338FCBA45}.Win8.1 Release|Any CPU.ActiveCfg = Win8.1 Release|Win32
		{1ED4AC9D-6A6C-4A67-8667-4B0338FCBA45}.Win8.1 Release|Mixed Platforms.ActiveCfg = Win8.1 Release|Win32
		{1ED4AC9D-6A6C-4A67-8667-4B0338FCBA45}.Win8.1 Release|Mixed Platforms.Build.0 = Win8.1 Release|Win32
		{1ED4AC9D-6A6C-4A67-8667-4B0338FCBA45}.Win8.1 Release|Mixed Platforms.Deploy.0 = Win8.1 Release|Win32
		{1ED4AC9D-6A6C-4A67-8667-4B0338FCBA45}.Win8.1 Release|Win32.ActiveCfg = Win8.1 Release|Win32
		{1ED4AC9D-6A6C-4A67-8667-4B0338FCBA45}.Win8.1 Release|Win32.Build.0 = Win8.1 Release|Win32
		{1ED4AC9D-6A6C-4A67-8667-4B0338FCBA45}.Win8.1 Release|Win32.Deploy.0 = Win8.1 Release|Win32
		{1ED4AC9D-6A6C-4A67-8667-4B0338FCBA45}.Win8.1 Release|x64.ActiveCfg = Win8.1 Release|x64
		{1ED4AC9D-6A6C-4A67-8667-4B0338FCBA45}.Win8.1 Release|x64.Build.0 = Win8.1 Release|x64
		{1ED4AC9D-6A6C-4A67-8667-4B0338FCBA45}.Win8.1 Release|x64.Deploy.0 = Win8.1 Release|x64
		{D6D2EBDC-BD4D-4351-81B8-AD70238894DE}.Debug|Any CPU.ActiveCfg = Debug|Any CPU
		{D6D2EBDC-BD4D-4351-81B8-AD70238894DE}.Debug|Any CPU.Build.0 = Debug|Any CPU
		{D6D2EBDC-BD4D-4351-81B8-AD70238894DE}.Debug|Mixed Platforms.ActiveCfg = Debug|Any CPU
		{D6D2EBDC-BD4D-4351-81B8-AD70238894DE}.Debug|Mixed Platforms.Build.0 = Debug|Any CPU
		{D6D2EBDC-BD4D-4351-81B8-AD70238894DE}.Debug|Win32.ActiveCfg = Debug|Any CPU
		{D6D2EBDC-BD4D-4351-81B8-AD70238894DE}.Debug|x64.ActiveCfg = Debug|Any CPU
		{D6D2EBDC-BD4D-4351-81B8-AD70238894DE}.Release|Any CPU.ActiveCfg = Release|Any CPU
		{D6D2EBDC-BD4D-4351-81B8-AD70238894DE}.Release|Any CPU.Build.0 = Release|Any CPU
		{D6D2EBDC-BD4D-4351-81B8-AD70238894DE}.Release|Mixed Platforms.ActiveCfg = Release|Any CPU
		{D6D2EBDC-BD4D-4351-81B8-AD70238894DE}.Release|Mixed Platforms.Build.0 = Release|Any CPU
		{D6D2EBDC-BD4D-4351-81B8-AD70238894DE}.Release|Win32.ActiveCfg = Release|Any CPU
		{D6D2EBDC-BD4D-4351-81B8-AD70238894DE}.Release|x64.ActiveCfg = Release|Any CPU
		{D6D2EBDC-BD4D-4351-81B8-AD70238894DE}.Win7 Debug|Any CPU.ActiveCfg = Debug|Any CPU
		{D6D2EBDC-BD4D-4351-81B8-AD70238894DE}.Win7 Debug|Any CPU.Build.0 = Debug|Any CPU
		{D6D2EBDC-BD4D-4351-81B8-AD70238894DE}.Win7 Debug|Mixed Platforms.ActiveCfg = Debug|Any CPU
		{D6D2EBDC-BD4D-4351-81B8-AD70238894DE}.Win7 Debug|Mixed Platforms.Build.0 = Debug|Any CPU
		{D6D2EBDC-BD4D-4351-81B8-AD70238894DE}.Win7 Debug|Win32.ActiveCfg = Debug|Any CPU
		{D6D2EBDC-BD4D-4351-81B8-AD70238894DE}.Win7 Debug|x64.ActiveCfg = Debug|Any CPU
		{D6D2EBDC-BD4D-4351-81B8-AD70238894DE}.Win7 Release|Any CPU.ActiveCfg = Release|Any CPU
		{D6D2EBDC-BD4D-4351-81B8-AD70238894DE}.Win7 Release|Any CPU.Build.0 = Release|Any CPU
		{D6D2EBDC-BD4D-4351-81B8-AD70238894DE}.Win7 Release|Mixed Platforms.ActiveCfg = Release|Any CPU
		{D6D2EBDC-BD4D-4351-81B8-AD70238894DE}.Win7 Release|Mixed Platforms.Build.0 = Release|Any CPU
		{D6D2EBDC-BD4D-4351-81B8-AD70238894DE}.Win7 Release|Win32.ActiveCfg = Release|Any CPU
		{D6D2EBDC-BD4D-4351-81B8-AD70238894DE}.Win7 Release|x64.ActiveCfg = Release|Any CPU
		{D6D2EBDC-BD4D-4351-81B8-AD70238894DE}.Win8 Debug|Any CPU.ActiveCfg = Debug|Any CPU
		{D6D2EBDC-BD4D-4351-81B8-AD70238894DE}.Win8 Debug|Any CPU.Build.0 = Debug|Any CPU
		{D6D2EBDC-BD4D-4351-81B8-AD70238894DE}.Win8 Debug|Mixed Platforms.ActiveCfg = Debug|Any CPU
		{D6D2EBDC-BD4D-4351-81B8-AD70238894DE}.Win8 Debug|Mixed Platforms.Build.0 = Debug|Any CPU
		{D6D2EBDC-BD4D-4351-81B8-AD70238894DE}.Win8 Debug|Win32.ActiveCfg = Debug|Any CPU
		{D6D2EBDC-BD4D-4351-81B8-AD70238894DE}.Win8 Debug|x64.ActiveCfg = Debug|Any CPU
		{D6D2EBDC-BD4D-4351-81B8-AD70238894DE}.Win8 Release|Any CPU.ActiveCfg = Release|Any CPU
		{D6D2EBDC-BD4D-4351-81B8-AD70238894DE}.Win8 Release|Any CPU.Build.0 = Release|Any CPU
		{D6D2EBDC-BD4D-4351-81B8-AD70238894DE}.Win8 Release|Mixed Platforms.ActiveCfg = Release|Any CPU
		{D6D2EBDC-BD4D-4351-81B8-AD70238894DE}.Win8 Release|Mixed Platforms.Build.0 = Release|Any CPU
		{D6D2EBDC-BD4D-4351-81B8-AD70238894DE}.Win8 Release|Win32.ActiveCfg = Release|Any CPU
		{D6D2EBDC-BD4D-4351-81B8-AD70238894DE}.Win8 Release|x64.ActiveCfg = Release|Any CPU
		{D6D2EBDC-BD4D-4351-81B8-AD70238894DE}.Win8.1 Debug|Any CPU.ActiveCfg = Debug|Any CPU
		{D6D2EBDC-BD4D-4351-81B8-AD70238894DE}.Win8.1 Debug|Any CPU.Build.0 = Debug|Any CPU
		{D6D2EBDC-BD4D-4351-81B8-AD70238894DE}.Win8.1 Debug|Mixed Platforms.ActiveCfg = Debug|Any CPU
		{D6D2EBDC-BD4D-4351-81B8-AD70238894DE}.Win8.1 Debug|Mixed Platforms.Build.0 = Debug|Any CPU
		{D6D2EBDC-BD4D-4351-81B8-AD70238894DE}.Win8.1 Debug|Win32.ActiveCfg = Debug|Any CPU
		{D6D2EBDC-BD4D-4351-81B8-AD70238894DE}.Win8.1 Debug|x64.ActiveCfg = Debug|Any CPU
		{D6D2EBDC-BD4D-4351-81B8-AD70238894DE}.Win8.1 Release|Any CPU.ActiveCfg = Release|Any CPU
		{D6D2EBDC-BD4D-4351-81B8-AD70238894DE}.Win8.1 Release|Any CPU.Build.0 = Release|Any CPU
		{D6D2EBDC-BD4D-4351-81B8-AD70238894DE}.Win8.1 Release|Mixed Platforms.ActiveCfg = Release|Any CPU
		{D6D2EBDC-BD4D-4351-81B8-AD70238894DE}.Win8.1 Release|Mixed Platforms.Build.0 = Release|Any CPU
		{D6D2EBDC-BD4D-4351-81B8-AD70238894DE}.Win8.1 Release|Win32.ActiveCfg = Release|Any CPU
		{D6D2EBDC-BD4D-4351-81B8-AD70238894DE}.Win8.1 Release|x64.ActiveCfg = Release|Any CPU
	EndGlobalSection
	GlobalSection(SolutionProperties) = preSolution
		HideSolutionNode = FALSE
	EndGlobalSection
	GlobalSection(NestedProjects) = preSolution
		{066687D0-0D9F-4C6B-89DA-D929A0D87A09} = {EE00F092-BD1A-492F-87D1-3EEB6322E1EB}
		{88B1876A-8A15-44A4-ABE1-F5676F6AF141} = {F87C7EF3-0D4A-4344-8487-64BFD34F814C}
		{1ED4AC9D-6A6C-4A67-8667-4B0338FCBA45} = {F87C7EF3-0D4A-4344-8487-64BFD34F814C}
		{D6D2EBDC-BD4D-4351-81B8-AD70238894DE} = {F87C7EF3-0D4A-4344-8487-64BFD34F814C}
	EndGlobalSection
EndGlobal
