<?xml version="1.0" encoding="utf-8"?>
<Project ToolsVersion="4.0" xmlns="http://schemas.microsoft.com/developer/msbuild/2003">
  <ItemGroup>
    <Filter Include="Source Files">
      <UniqueIdentifier>{4FC737F1-C7A5-4376-A066-2A32D752A2FF}</UniqueIdentifier>
      <Extensions>cpp;c;cc;cxx;def;odl;idl;hpj;bat;asm;asmx</Extensions>
    </Filter>
    <Filter Include="Header Files">
      <UniqueIdentifier>{93995380-89BD-4b04-88EB-625FBE52EBFB}</UniqueIdentifier>
      <Extensions>h;hpp;hxx;hm;inl;inc;xsd</Extensions>
    </Filter>
    <Filter Include="Resource Files">
      <UniqueIdentifier>{67DA6AB6-F800-4c08-8B7A-83BB121AAD01}</UniqueIdentifier>
      <Extensions>rc;ico;cur;bmp;dlg;rc2;rct;bin;rgs;gif;jpg;jpeg;jpe;resx;tiff;tif;png;wav;mfcribbon-ms</Extensions>
    </Filter>
    <Filter Include="Driver Files">
      <UniqueIdentifier>{8E41214B-6785-4CFE-B992-037D68949A14}</UniqueIdentifier>
      <Extensions>inf;inv;inx;mof;mc;</Extensions>
    </Filter>
    <Filter Include="Source Files\op">
      <UniqueIdentifier>{1fddbfe8-1f91-4c31-9775-9baa585ccbb2}</UniqueIdentifier>
    </Filter>
    <Filter Include="Source Files\libcrc">
      <UniqueIdentifier>{307ff6aa-2693-46ff-8fe9-8192dcdb6804}</UniqueIdentifier>
    </Filter>
    <Filter Include="Source Files\util">
      <UniqueIdentifier>{8f635c2f-8cfe-4aca-a34f-b48d00d36e7d}</UniqueIdentifier>
    </Filter>
  </ItemGroup>
  <ItemGroup>
    <ClCompile Include="minidirver.c">
      <Filter>Source Files</Filter>
    </ClCompile>
    <ClCompile Include="create.c">
      <Filter>Source Files\op</Filter>
    </ClCompile>
    <ClCompile Include="write.c">
      <Filter>Source Files\op</Filter>
    </ClCompile>
    <ClCompile Include="client.c">
      <Filter>Source Files\op</Filter>
    </ClCompile>
    <ClCompile Include="instance.c">
      <Filter>Source Files</Filter>
    </ClCompile>
    <ClCompile Include="read.c">
      <Filter>Source Files\op</Filter>
    </ClCompile>
    <ClCompile Include="pnp.c">
      <Filter>Source Files\op</Filter>
    </ClCompile>
    <ClCompile Include="context.c">
      <Filter>Source Files\op</Filter>
    </ClCompile>
    <ClCompile Include="filter.c">
      <Filter>Source Files</Filter>
    </ClCompile>
    <ClCompile Include="permission.c">
      <Filter>Source Files</Filter>
    </ClCompile>
    <ClCompile Include="qeuryInfo.c">
      <Filter>Source Files\op</Filter>
    </ClCompile>
    <ClCompile Include="dirctl.c">
      <Filter>Source Files\op</Filter>
    </ClCompile>
    <ClCompile Include="..\utils\libcrc\src\crc8.c">
      <Filter>Source Files\libcrc</Filter>
    </ClCompile>
    <ClCompile Include="..\utils\libcrc\src\crc16.c">
      <Filter>Source Files\libcrc</Filter>
    </ClCompile>
    <ClCompile Include="..\utils\libcrc\src\crc32.c">
      <Filter>Source Files\libcrc</Filter>
    </ClCompile>
    <ClCompile Include="..\utils\libcrc\src\crcccitt.c">
      <Filter>Source Files\libcrc</Filter>
    </ClCompile>
    <ClCompile Include="..\utils\libcrc\src\crcdnp.c">
      <Filter>Source Files\libcrc</Filter>
    </ClCompile>
    <ClCompile Include="..\utils\libcrc\src\crckrmit.c">
      <Filter>Source Files\libcrc</Filter>
    </ClCompile>
    <ClCompile Include="..\utils\libcrc\src\crcsick.c">
      <Filter>Source Files\libcrc</Filter>
    </ClCompile>
    <ClCompile Include="pageio.c">
      <Filter>Source Files\op</Filter>
    </ClCompile>
    <ClCompile Include="util.c">
      <Filter>Source Files\util</Filter>
    </ClCompile>
    <ClCompile Include="..\utils\crypto\sha256.c">
      <Filter>Source Files\util</Filter>
    </ClCompile>
    <ClCompile Include="..\utils\crypto\aes.c">
      <Filter>Source Files\util</Filter>
    </ClCompile>
    <ClCompile Include="op.c">
      <Filter>Source Files\op</Filter>
    </ClCompile>
    <ClCompile Include="msg.c">
      <Filter>Source Files</Filter>
    </ClCompile>
  </ItemGroup>
  <ItemGroup>
    <ClInclude Include="minidriver.h">
      <Filter>Header Files</Filter>
    </ClInclude>
    <ClInclude Include="permission.h">
      <Filter>Header Files</Filter>
    </ClInclude>
    <ClInclude Include="..\utils\libcrc\include\checksum.h">
      <Filter>Header Files</Filter>
    </ClInclude>
    <ClInclude Include="op.h">
      <Filter>Header Files</Filter>
    </ClInclude>
    <ClInclude Include="util.h">
      <Filter>Header Files</Filter>
    </ClInclude>
    <ClInclude Include="filter.h">
      <Filter>Header Files</Filter>
    </ClInclude>
    <ClInclude Include="msg.h">
      <Filter>Header Files</Filter>
    </ClInclude>
  </ItemGroup>
  <ItemGroup>
    <Inf Include="FileControl.inf">
      <Filter>Driver Files</Filter>
    </Inf>
  </ItemGroup>
  <ItemGroup>
    <ResourceCompile Include="FileControl.rc">
      <Filter>Resource Files</Filter>
    </ResourceCompile>
  </ItemGroup>
</Project>